
Microsoft Visual Studio Solution File, Format Version 12.00
# Visual Studio Version 17
VisualStudioVersion = 17.9.34622.214
MinimumVisualStudioVersion = 10.0.40219.1
Project("{FAE04EC0-301F-11D3-BF4B-00C04F79EFBC}") = "strings", "strings.csproj", "{12BE67D4-769A-4EE3-B7D7-78F0D5AAA42D}"
EndProject
Global
	GlobalSection(SolutionConfigurationPlatforms) = preSolution
		Debug|Any CPU = Debug|Any CPU
		Release|Any CPU = Release|Any CPU
	EndGlobalSection
	GlobalSection(ProjectConfigurationPlatforms) = postSolution
		{12BE67D4-769A-4EE3-B7D7-78F0D5AAA42D}.Debug|Any CPU.ActiveCfg = Debug|Any CPU
		{12BE67D4-769A-4EE3-B7D7-78F0D5AAA42D}.Debug|Any CPU.Build.0 = Debug|Any CPU
		{12BE67D4-769A-4EE3-B7D7-78F0D5AAA42D}.Release|Any CPU.ActiveCfg = Release|Any CPU
		{12BE67D4-769A-4EE3-B7D7-78F0D5AAA42D}.Release|Any CPU.Build.0 = Release|Any CPU
	EndGlobalSection
	GlobalSection(SolutionProperties) = preSolution
		HideSolutionNode = FALSE
	EndGlobalSection
	GlobalSection(ExtensibilityGlobals) = postSolution
		SolutionGuid = {4D1EFA62-2287-4BA9-80E1-D32803D7C5A9}
	EndGlobalSection
EndGlobal
