
Microsoft Visual Studio Solution File, Format Version 12.00
# Visual Studio Version 17
VisualStudioVersion = 17.9.34622.214
MinimumVisualStudioVersion = 10.0.40219.1
Project("{FAE04EC0-301F-11D3-BF4B-00C04F79EFBC}") = "SwitchedOnAlgo", "SwitchedOnAlgo.csproj", "{958D0BA4-3D11-4826-AFE2-B09CD83591A4}"
EndProject
Global
	GlobalSection(SolutionConfigurationPlatforms) = preSolution
		Debug|Any CPU = Debug|Any CPU
		Release|Any CPU = Release|Any CPU
	EndGlobalSection
	GlobalSection(ProjectConfigurationPlatforms) = postSolution
		{958D0BA4-3D11-4826-AFE2-B09CD83591A4}.Debug|Any CPU.ActiveCfg = Debug|Any CPU
		{958D0BA4-3D11-4826-AFE2-B09CD83591A4}.Debug|Any CPU.Build.0 = Debug|Any CPU
		{958D0BA4-3D11-4826-AFE2-B09CD83591A4}.Release|Any CPU.ActiveCfg = Release|Any CPU
		{958D0BA4-3D11-4826-AFE2-B09CD83591A4}.Release|Any CPU.Build.0 = Release|Any CPU
	EndGlobalSection
	GlobalSection(SolutionProperties) = preSolution
		HideSolutionNode = FALSE
	EndGlobalSection
	GlobalSection(ExtensibilityGlobals) = postSolution
		SolutionGuid = {78B4548A-8697-4A2B-A44F-4228EFC7142C}
	EndGlobalSection
EndGlobal
